
Microsoft Visual Studio Solution File, Format Version 12.00
# Visual Studio Version 17
VisualStudioVersion = 17.9.34728.123
MinimumVisualStudioVersion = 10.0.40219.1
Project("{FAE04EC0-301F-11D3-BF4B-00C04F79EFBC}") = "Jmeza44.EtherBlog.Domain", "Jmeza44.EtherBlog.Domain\Jmeza44.EtherBlog.Domain.csproj", "{AA092C1B-E42A-47D2-A65A-6681FE650793}"
EndProject
Project("{FAE04EC0-301F-11D3-BF4B-00C04F79EFBC}") = "Jmeza44.EtherBlog.WebAPI", "Jmeza44.EtherBlog.WebAPI\Jmeza44.EtherBlog.WebAPI.csproj", "{8434C1AB-DB4F-49B1-8528-27C0B8D7FF60}"
EndProject
Project("{FAE04EC0-301F-11D3-BF4B-00C04F79EFBC}") = "Jmeza44.EtherBlog.Application", "Jmeza44.EtherBlog.Application\Jmeza44.EtherBlog.Application.csproj", "{CE3BFF1B-9C5D-4591-B494-F3BA7A8B8583}"
EndProject
Project("{FAE04EC0-301F-11D3-BF4B-00C04F79EFBC}") = "Jmeza44.EtherBlog.Infrastructure", "Jmeza44.EtherBlog.Infrastructure\Jmeza44.EtherBlog.Infrastructure.csproj", "{1FA87635-2996-4BA4-80C9-EF7BD1FBEEAF}"
EndProject
Project("{FAE04EC0-301F-11D3-BF4B-00C04F79EFBC}") = "Jmeza44.EtherBlog.IdentityServer", "Jmeza44.EtherBlog.IdentityServer\Jmeza44.EtherBlog.IdentityServer.csproj", "{1FF82464-7D85-488C-8C79-1CF2690CB2C0}"
EndProject
Global
	GlobalSection(SolutionConfigurationPlatforms) = preSolution
		Debug|Any CPU = Debug|Any CPU
		Release|Any CPU = Release|Any CPU
	EndGlobalSection
	GlobalSection(ProjectConfigurationPlatforms) = postSolution
		{AA092C1B-E42A-47D2-A65A-6681FE650793}.Debug|Any CPU.ActiveCfg = Debug|Any CPU
		{AA092C1B-E42A-47D2-A65A-6681FE650793}.Debug|Any CPU.Build.0 = Debug|Any CPU
		{AA092C1B-E42A-47D2-A65A-6681FE650793}.Release|Any CPU.ActiveCfg = Release|Any CPU
		{AA092C1B-E42A-47D2-A65A-6681FE650793}.Release|Any CPU.Build.0 = Release|Any CPU
		{8434C1AB-DB4F-49B1-8528-27C0B8D7FF60}.Debug|Any CPU.ActiveCfg = Debug|Any CPU
		{8434C1AB-DB4F-49B1-8528-27C0B8D7FF60}.Debug|Any CPU.Build.0 = Debug|Any CPU
		{8434C1AB-DB4F-49B1-8528-27C0B8D7FF60}.Release|Any CPU.ActiveCfg = Release|Any CPU
		{8434C1AB-DB4F-49B1-8528-27C0B8D7FF60}.Release|Any CPU.Build.0 = Release|Any CPU
		{CE3BFF1B-9C5D-4591-B494-F3BA7A8B8583}.Debug|Any CPU.ActiveCfg = Debug|Any CPU
		{CE3BFF1B-9C5D-4591-B494-F3BA7A8B8583}.Debug|Any CPU.Build.0 = Debug|Any CPU
		{CE3BFF1B-9C5D-4591-B494-F3BA7A8B8583}.Release|Any CPU.ActiveCfg = Release|Any CPU
		{CE3BFF1B-9C5D-4591-B494-F3BA7A8B8583}.Release|Any CPU.Build.0 = Release|Any CPU
		{1FA87635-2996-4BA4-80C9-EF7BD1FBEEAF}.Debug|Any CPU.ActiveCfg = Debug|Any CPU
		{1FA87635-2996-4BA4-80C9-EF7BD1FBEEAF}.Debug|Any CPU.Build.0 = Debug|Any CPU
		{1FA87635-2996-4BA4-80C9-EF7BD1FBEEAF}.Release|Any CPU.ActiveCfg = Release|Any CPU
		{1FA87635-2996-4BA4-80C9-EF7BD1FBEEAF}.Release|Any CPU.Build.0 = Release|Any CPU
		{1FF82464-7D85-488C-8C79-1CF2690CB2C0}.Debug|Any CPU.ActiveCfg = Debug|Any CPU
		{1FF82464-7D85-488C-8C79-1CF2690CB2C0}.Debug|Any CPU.Build.0 = Debug|Any CPU
		{1FF82464-7D85-488C-8C79-1CF2690CB2C0}.Release|Any CPU.ActiveCfg = Release|Any CPU
		{1FF82464-7D85-488C-8C79-1CF2690CB2C0}.Release|Any CPU.Build.0 = Release|Any CPU
	EndGlobalSection
	GlobalSection(SolutionProperties) = preSolution
		HideSolutionNode = FALSE
	EndGlobalSection
	GlobalSection(ExtensibilityGlobals) = postSolution
		SolutionGuid = {F240A5AF-0E0E-49BC-B4E5-CC5CE3125F72}
	EndGlobalSection
EndGlobal
